
Microsoft Visual Studio Solution File, Format Version 12.00
# Visual Studio Version 16
VisualStudioVersion = 16.0.29102.190
MinimumVisualStudioVersion = 10.0.40219.1
Project("{9A19103F-16F7-4668-BE54-9A1E7A4F7556}") = "NewsAPI", "NewsAPI\NewsAPI.csproj", "{7BEF9405-9BE3-4199-BE20-346689315972}"
EndProject
Project("{FAE04EC0-301F-11D3-BF4B-00C04F79EFBC}") = "NewsAPI.UnitTests", "NewsAPI.UnitTests\NewsAPI.UnitTests.csproj", "{55610DDC-4847-4E75-876F-BE7E3B2920F4}"
EndProject
Global
	GlobalSection(SolutionConfigurationPlatforms) = preSolution
		Debug|Any CPU = Debug|Any CPU
		Release|Any CPU = Release|Any CPU
	EndGlobalSection
	GlobalSection(ProjectConfigurationPlatforms) = postSolution
		{7BEF9405-9BE3-4199-BE20-346689315972}.Debug|Any CPU.ActiveCfg = Debug|Any CPU
		{7BEF9405-9BE3-4199-BE20-346689315972}.Debug|Any CPU.Build.0 = Debug|Any CPU
		{7BEF9405-9BE3-4199-BE20-346689315972}.Release|Any CPU.ActiveCfg = Release|Any CPU
		{7BEF9405-9BE3-4199-BE20-346689315972}.Release|Any CPU.Build.0 = Release|Any CPU
		{55610DDC-4847-4E75-876F-BE7E3B2920F4}.Debug|Any CPU.ActiveCfg = Debug|Any CPU
		{55610DDC-4847-4E75-876F-BE7E3B2920F4}.Debug|Any CPU.Build.0 = Debug|Any CPU
		{55610DDC-4847-4E75-876F-BE7E3B2920F4}.Release|Any CPU.ActiveCfg = Release|Any CPU
		{55610DDC-4847-4E75-876F-BE7E3B2920F4}.Release|Any CPU.Build.0 = Release|Any CPU
	EndGlobalSection
	GlobalSection(SolutionProperties) = preSolution
		HideSolutionNode = FALSE
	EndGlobalSection
	GlobalSection(ExtensibilityGlobals) = postSolution
		SolutionGuid = {AFBFFFA9-D971-4B09-8E3A-E897A2C28B8C}
	EndGlobalSection
EndGlobal
